
Microsoft Visual Studio Solution File, Format Version 12.00
# Visual Studio Version 17
VisualStudioVersion = 17.4.33213.308
MinimumVisualStudioVersion = 10.0.40219.1
Project("{FAE04EC0-301F-11D3-BF4B-00C04F79EFBC}") = "Intensivao.Fullstack.ConsoleApp", "Intensivao.Fullstack.ConsoleApp\Intensivao.Fullstack.ConsoleApp.csproj", "{BED15A38-C079-4D22-A326-C9C7D08D8AA7}"
EndProject
Global
	GlobalSection(SolutionConfigurationPlatforms) = preSolution
		Debug|Any CPU = Debug|Any CPU
		Release|Any CPU = Release|Any CPU
	EndGlobalSection
	GlobalSection(ProjectConfigurationPlatforms) = postSolution
		{BED15A38-C079-4D22-A326-C9C7D08D8AA7}.Debug|Any CPU.ActiveCfg = Debug|Any CPU
		{BED15A38-C079-4D22-A326-C9C7D08D8AA7}.Debug|Any CPU.Build.0 = Debug|Any CPU
		{BED15A38-C079-4D22-A326-C9C7D08D8AA7}.Release|Any CPU.ActiveCfg = Release|Any CPU
		{BED15A38-C079-4D22-A326-C9C7D08D8AA7}.Release|Any CPU.Build.0 = Release|Any CPU
	EndGlobalSection
	GlobalSection(SolutionProperties) = preSolution
		HideSolutionNode = FALSE
	EndGlobalSection
	GlobalSection(ExtensibilityGlobals) = postSolution
		SolutionGuid = {5BBBB70B-A210-4D64-B5F9-0025316E1DC5}
	EndGlobalSection
EndGlobal
